
Microsoft Visual Studio Solution File, Format Version 12.00
# Visual Studio Version 16
VisualStudioVersion = 16.0.31129.286
MinimumVisualStudioVersion = 10.0.40219.1
Project("{9A19103F-16F7-4668-BE54-9A1E7A4F7556}") = "CrackingTheCodingInterview", "CrackingTheCodingInterview.csproj", "{947DAE96-3551-4740-A7CA-6524785F12DB}"
EndProject
Project("{2150E333-8FDC-42A3-9474-1A3956D46DE8}") = "Solution Items", "Solution Items", "{B3DC5DBC-7C16-42AF-B46D-559AC7A5341E}"
	ProjectSection(SolutionItems) = preProject
		..\.gitignore = ..\.gitignore
		..\Hints.md = ..\Hints.md
		..\README.md = ..\README.md
	EndProjectSection
EndProject
Project("{9A19103F-16F7-4668-BE54-9A1E7A4F7556}") = "CrackingTheCodingInterview.Tests", "..\CrackingTheCodingInterview.Tests\CrackingTheCodingInterview.Tests.csproj", "{FEE2BD28-E07E-469F-AA4F-CE3DBD63503C}"
EndProject
Global
	GlobalSection(SolutionConfigurationPlatforms) = preSolution
		Debug|Any CPU = Debug|Any CPU
		Release|Any CPU = Release|Any CPU
	EndGlobalSection
	GlobalSection(ProjectConfigurationPlatforms) = postSolution
		{947DAE96-3551-4740-A7CA-6524785F12DB}.Debug|Any CPU.ActiveCfg = Debug|Any CPU
		{947DAE96-3551-4740-A7CA-6524785F12DB}.Debug|Any CPU.Build.0 = Debug|Any CPU
		{947DAE96-3551-4740-A7CA-6524785F12DB}.Release|Any CPU.ActiveCfg = Release|Any CPU
		{947DAE96-3551-4740-A7CA-6524785F12DB}.Release|Any CPU.Build.0 = Release|Any CPU
		{FEE2BD28-E07E-469F-AA4F-CE3DBD63503C}.Debug|Any CPU.ActiveCfg = Debug|Any CPU
		{FEE2BD28-E07E-469F-AA4F-CE3DBD63503C}.Debug|Any CPU.Build.0 = Debug|Any CPU
		{FEE2BD28-E07E-469F-AA4F-CE3DBD63503C}.Release|Any CPU.ActiveCfg = Release|Any CPU
		{FEE2BD28-E07E-469F-AA4F-CE3DBD63503C}.Release|Any CPU.Build.0 = Release|Any CPU
	EndGlobalSection
	GlobalSection(SolutionProperties) = preSolution
		HideSolutionNode = FALSE
	EndGlobalSection
	GlobalSection(ExtensibilityGlobals) = postSolution
		SolutionGuid = {C8C283D8-1345-40E5-BDC5-131B2B3BD35A}
	EndGlobalSection
EndGlobal
